
Microsoft Visual Studio Solution File, Format Version 12.00
# Visual Studio Version 17
VisualStudioVersion = 17.5.33502.453
MinimumVisualStudioVersion = 10.0.40219.1
Project("{9A19103F-16F7-4668-BE54-9A1E7A4F7556}") = "ConsoleApp2", "ConsoleApp2.csproj", "{40DD5B67-83B9-4DE2-AAF2-AB838F04B657}"
EndProject
Global
	GlobalSection(SolutionConfigurationPlatforms) = preSolution
		32|Any CPU = 32|Any CPU
		32|ARM32 = 32|ARM32
		32|ARM64 = 32|ARM64
		32|x64 = 32|x64
		32|x86 = 32|x86
		64|Any CPU = 64|Any CPU
		64|ARM32 = 64|ARM32
		64|ARM64 = 64|ARM64
		64|x64 = 64|x64
		64|x86 = 64|x86
		Debug|Any CPU = Debug|Any CPU
		Debug|ARM32 = Debug|ARM32
		Debug|ARM64 = Debug|ARM64
		Debug|x64 = Debug|x64
		Debug|x86 = Debug|x86
		Release|Any CPU = Release|Any CPU
		Release|ARM32 = Release|ARM32
		Release|ARM64 = Release|ARM64
		Release|x64 = Release|x64
		Release|x86 = Release|x86
	EndGlobalSection
	GlobalSection(ProjectConfigurationPlatforms) = postSolution
		{40DD5B67-83B9-4DE2-AAF2-AB838F04B657}.32|Any CPU.ActiveCfg = 32|Any CPU
		{40DD5B67-83B9-4DE2-AAF2-AB838F04B657}.32|Any CPU.Build.0 = 32|Any CPU
		{40DD5B67-83B9-4DE2-AAF2-AB838F04B657}.32|ARM32.ActiveCfg = 32|ARM32
		{40DD5B67-83B9-4DE2-AAF2-AB838F04B657}.32|ARM32.Build.0 = 32|ARM32
		{40DD5B67-83B9-4DE2-AAF2-AB838F04B657}.32|ARM64.ActiveCfg = 32|ARM64
		{40DD5B67-83B9-4DE2-AAF2-AB838F04B657}.32|ARM64.Build.0 = 32|ARM64
		{40DD5B67-83B9-4DE2-AAF2-AB838F04B657}.32|x64.ActiveCfg = 32|x64
		{40DD5B67-83B9-4DE2-AAF2-AB838F04B657}.32|x64.Build.0 = 32|x64
		{40DD5B67-83B9-4DE2-AAF2-AB838F04B657}.32|x86.ActiveCfg = 32|x86
		{40DD5B67-83B9-4DE2-AAF2-AB838F04B657}.32|x86.Build.0 = 32|x86
		{40DD5B67-83B9-4DE2-AAF2-AB838F04B657}.64|Any CPU.ActiveCfg = 64|Any CPU
		{40DD5B67-83B9-4DE2-AAF2-AB838F04B657}.64|Any CPU.Build.0 = 64|Any CPU
		{40DD5B67-83B9-4DE2-AAF2-AB838F04B657}.64|ARM32.ActiveCfg = 64|ARM32
		{40DD5B67-83B9-4DE2-AAF2-AB838F04B657}.64|ARM32.Build.0 = 64|ARM32
		{40DD5B67-83B9-4DE2-AAF2-AB838F04B657}.64|ARM64.ActiveCfg = 64|ARM64
		{40DD5B67-83B9-4DE2-AAF2-AB838F04B657}.64|ARM64.Build.0 = 64|ARM64
		{40DD5B67-83B9-4DE2-AAF2-AB838F04B657}.64|x64.ActiveCfg = 32|x86
		{40DD5B67-83B9-4DE2-AAF2-AB838F04B657}.64|x64.Build.0 = 32|x86
		{40DD5B67-83B9-4DE2-AAF2-AB838F04B657}.64|x86.ActiveCfg = 64|x86
		{40DD5B67-83B9-4DE2-AAF2-AB838F04B657}.64|x86.Build.0 = 64|x86
		{40DD5B67-83B9-4DE2-AAF2-AB838F04B657}.Debug|Any CPU.ActiveCfg = Debug|Any CPU
		{40DD5B67-83B9-4DE2-AAF2-AB838F04B657}.Debug|Any CPU.Build.0 = Debug|Any CPU
		{40DD5B67-83B9-4DE2-AAF2-AB838F04B657}.Debug|ARM32.ActiveCfg = Debug|ARM32
		{40DD5B67-83B9-4DE2-AAF2-AB838F04B657}.Debug|ARM32.Build.0 = Debug|ARM32
		{40DD5B67-83B9-4DE2-AAF2-AB838F04B657}.Debug|ARM64.ActiveCfg = Debug|ARM64
		{40DD5B67-83B9-4DE2-AAF2-AB838F04B657}.Debug|ARM64.Build.0 = Debug|ARM64
		{40DD5B67-83B9-4DE2-AAF2-AB838F04B657}.Debug|x64.ActiveCfg = Debug|x64
		{40DD5B67-83B9-4DE2-AAF2-AB838F04B657}.Debug|x64.Build.0 = Debug|x64
		{40DD5B67-83B9-4DE2-AAF2-AB838F04B657}.Debug|x86.ActiveCfg = Debug|x86
		{40DD5B67-83B9-4DE2-AAF2-AB838F04B657}.Debug|x86.Build.0 = Debug|x86
		{40DD5B67-83B9-4DE2-AAF2-AB838F04B657}.Release|Any CPU.ActiveCfg = Release|Any CPU
		{40DD5B67-83B9-4DE2-AAF2-AB838F04B657}.Release|Any CPU.Build.0 = Release|Any CPU
		{40DD5B67-83B9-4DE2-AAF2-AB838F04B657}.Release|ARM32.ActiveCfg = Release|ARM32
		{40DD5B67-83B9-4DE2-AAF2-AB838F04B657}.Release|ARM32.Build.0 = Release|ARM32
		{40DD5B67-83B9-4DE2-AAF2-AB838F04B657}.Release|ARM64.ActiveCfg = Release|ARM64
		{40DD5B67-83B9-4DE2-AAF2-AB838F04B657}.Release|ARM64.Build.0 = Release|ARM64
		{40DD5B67-83B9-4DE2-AAF2-AB838F04B657}.Release|x64.ActiveCfg = Release|x64
		{40DD5B67-83B9-4DE2-AAF2-AB838F04B657}.Release|x64.Build.0 = Release|x64
		{40DD5B67-83B9-4DE2-AAF2-AB838F04B657}.Release|x86.ActiveCfg = Release|x86
		{40DD5B67-83B9-4DE2-AAF2-AB838F04B657}.Release|x86.Build.0 = Release|x86
	EndGlobalSection
	GlobalSection(SolutionProperties) = preSolution
		HideSolutionNode = FALSE
	EndGlobalSection
	GlobalSection(ExtensibilityGlobals) = postSolution
		SolutionGuid = {31D628B5-C973-4300-A85A-A3839CC27528}
	EndGlobalSection
EndGlobal
